Microsoft Visual Studio Solution File, Format Version 11.00
# Visual Studio 2008

Project("{13572629-BA6A-F508-67D1-B7FC6480A735}") = "UniKitty", "Assembly-CSharp-firstpass.csproj", "{E8F24177-DD98-F37F-A84D-A8373FAD4573}"
EndProject
Project("{13572629-BA6A-F508-67D1-B7FC6480A735}") = "UniKitty", "Assembly-CSharp.csproj", "{EE3C9699-D1E6-1B5B-569F-7C9441E1765B}"
EndProject
Global
	GlobalSection(SolutionConfigurationPlatforms) = preSolution
		Debug|Any CPU = Debug|Any CPU
		Release|Any CPU = Release|Any CPU
	EndGlobalSection
	GlobalSection(ProjectConfigurationPlatforms) = postSolution
		{E8F24177-DD98-F37F-A84D-A8373FAD4573}.Debug|Any CPU.ActiveCfg = Debug|Any CPU
		{E8F24177-DD98-F37F-A84D-A8373FAD4573}.Debug|Any CPU.Build.0 = Debug|Any CPU
		{E8F24177-DD98-F37F-A84D-A8373FAD4573}.Release|Any CPU.ActiveCfg = Release|Any CPU
		{E8F24177-DD98-F37F-A84D-A8373FAD4573}.Release|Any CPU.Build.0 = Release|Any CPU
		{EE3C9699-D1E6-1B5B-569F-7C9441E1765B}.Debug|Any CPU.ActiveCfg = Debug|Any CPU
		{EE3C9699-D1E6-1B5B-569F-7C9441E1765B}.Debug|Any CPU.Build.0 = Debug|Any CPU
		{EE3C9699-D1E6-1B5B-569F-7C9441E1765B}.Release|Any CPU.ActiveCfg = Release|Any CPU
		{EE3C9699-D1E6-1B5B-569F-7C9441E1765B}.Release|Any CPU.Build.0 = Release|Any CPU
	EndGlobalSection
	GlobalSection(SolutionProperties) = preSolution
		HideSolutionNode = FALSE
	EndGlobalSection
	GlobalSection(MonoDevelopProperties) = preSolution
		StartupItem = Assembly-CSharp.csproj
	EndGlobalSection
EndGlobal
